
Microsoft Visual Studio Solution File, Format Version 12.00
# Visual Studio Version 17
VisualStudioVersion = 17.6.33829.357
MinimumVisualStudioVersion = 10.0.40219.1
Project("{FAE04EC0-301F-11D3-BF4B-00C04F79EFBC}") = "MostCommonElement", "MostCommonElement.csproj", "{6FA0AA77-D40E-4DDD-AE09-84E66BFFDDE2}"
EndProject
Global
	GlobalSection(SolutionConfigurationPlatforms) = preSolution
		Debug|Any CPU = Debug|Any CPU
		Release|Any CPU = Release|Any CPU
	EndGlobalSection
	GlobalSection(ProjectConfigurationPlatforms) = postSolution
		{6FA0AA77-D40E-4DDD-AE09-84E66BFFDDE2}.Debug|Any CPU.ActiveCfg = Debug|Any CPU
		{6FA0AA77-D40E-4DDD-AE09-84E66BFFDDE2}.Debug|Any CPU.Build.0 = Debug|Any CPU
		{6FA0AA77-D40E-4DDD-AE09-84E66BFFDDE2}.Release|Any CPU.ActiveCfg = Release|Any CPU
		{6FA0AA77-D40E-4DDD-AE09-84E66BFFDDE2}.Release|Any CPU.Build.0 = Release|Any CPU
	EndGlobalSection
	GlobalSection(SolutionProperties) = preSolution
		HideSolutionNode = FALSE
	EndGlobalSection
	GlobalSection(ExtensibilityGlobals) = postSolution
		SolutionGuid = {BB421BA2-6565-482C-AB4F-EC2999EF8B9D}
	EndGlobalSection
EndGlobal
