
Microsoft Visual Studio Solution File, Format Version 12.00
# Visual Studio Version 17
VisualStudioVersion = 17.6.33829.357
MinimumVisualStudioVersion = 10.0.40219.1
Project("{FAE04EC0-301F-11D3-BF4B-00C04F79EFBC}") = "Homework 3", "Homework 3.csproj", "{D1A618C1-9D86-47CD-B86F-1AA1D00D5243}"
EndProject
Global
	GlobalSection(SolutionConfigurationPlatforms) = preSolution
		Debug|Any CPU = Debug|Any CPU
		Release|Any CPU = Release|Any CPU
	EndGlobalSection
	GlobalSection(ProjectConfigurationPlatforms) = postSolution
		{D1A618C1-9D86-47CD-B86F-1AA1D00D5243}.Debug|Any CPU.ActiveCfg = Debug|Any CPU
		{D1A618C1-9D86-47CD-B86F-1AA1D00D5243}.Debug|Any CPU.Build.0 = Debug|Any CPU
		{D1A618C1-9D86-47CD-B86F-1AA1D00D5243}.Release|Any CPU.ActiveCfg = Release|Any CPU
		{D1A618C1-9D86-47CD-B86F-1AA1D00D5243}.Release|Any CPU.Build.0 = Release|Any CPU
	EndGlobalSection
	GlobalSection(SolutionProperties) = preSolution
		HideSolutionNode = FALSE
	EndGlobalSection
	GlobalSection(ExtensibilityGlobals) = postSolution
		SolutionGuid = {113344BC-50BB-4025-89A6-152259709AD2}
	EndGlobalSection
EndGlobal
