
Microsoft Visual Studio Solution File, Format Version 12.00
# Visual Studio Version 17
VisualStudioVersion = 17.6.33829.357
MinimumVisualStudioVersion = 10.0.40219.1
Project("{FAE04EC0-301F-11D3-BF4B-00C04F79EFBC}") = "Trees", "Trees.csproj", "{EF49422C-9815-477D-9893-DE5015A3B94C}"
EndProject
Global
	GlobalSection(SolutionConfigurationPlatforms) = preSolution
		Debug|Any CPU = Debug|Any CPU
		Release|Any CPU = Release|Any CPU
	EndGlobalSection
	GlobalSection(ProjectConfigurationPlatforms) = postSolution
		{EF49422C-9815-477D-9893-DE5015A3B94C}.Debug|Any CPU.ActiveCfg = Debug|Any CPU
		{EF49422C-9815-477D-9893-DE5015A3B94C}.Debug|Any CPU.Build.0 = Debug|Any CPU
		{EF49422C-9815-477D-9893-DE5015A3B94C}.Release|Any CPU.ActiveCfg = Release|Any CPU
		{EF49422C-9815-477D-9893-DE5015A3B94C}.Release|Any CPU.Build.0 = Release|Any CPU
	EndGlobalSection
	GlobalSection(SolutionProperties) = preSolution
		HideSolutionNode = FALSE
	EndGlobalSection
	GlobalSection(ExtensibilityGlobals) = postSolution
		SolutionGuid = {EEE149DD-F274-420A-82A1-F5F7FC2A7265}
	EndGlobalSection
EndGlobal
