
Microsoft Visual Studio Solution File, Format Version 12.00
# Visual Studio Version 17
VisualStudioVersion = 17.6.33829.357
MinimumVisualStudioVersion = 10.0.40219.1
Project("{FAE04EC0-301F-11D3-BF4B-00C04F79EFBC}") = "SumOfDigits", "SumOfDigits.csproj", "{A7802E2B-E0D9-4ED3-A8BA-216C3A0816ED}"
EndProject
Global
	GlobalSection(SolutionConfigurationPlatforms) = preSolution
		Debug|Any CPU = Debug|Any CPU
		Release|Any CPU = Release|Any CPU
	EndGlobalSection
	GlobalSection(ProjectConfigurationPlatforms) = postSolution
		{A7802E2B-E0D9-4ED3-A8BA-216C3A0816ED}.Debug|Any CPU.ActiveCfg = Debug|Any CPU
		{A7802E2B-E0D9-4ED3-A8BA-216C3A0816ED}.Debug|Any CPU.Build.0 = Debug|Any CPU
		{A7802E2B-E0D9-4ED3-A8BA-216C3A0816ED}.Release|Any CPU.ActiveCfg = Release|Any CPU
		{A7802E2B-E0D9-4ED3-A8BA-216C3A0816ED}.Release|Any CPU.Build.0 = Release|Any CPU
	EndGlobalSection
	GlobalSection(SolutionProperties) = preSolution
		HideSolutionNode = FALSE
	EndGlobalSection
	GlobalSection(ExtensibilityGlobals) = postSolution
		SolutionGuid = {6C0FF889-E5AF-49CA-8349-A5AA18F2DA86}
	EndGlobalSection
EndGlobal
