
Microsoft Visual Studio Solution File, Format Version 12.00
# Visual Studio Version 17
VisualStudioVersion = 17.6.33829.357
MinimumVisualStudioVersion = 10.0.40219.1
Project("{FAE04EC0-301F-11D3-BF4B-00C04F79EFBC}") = "Week 2", "Week 2.csproj", "{06254047-828C-4F28-9216-EB78AA9CDDD4}"
EndProject
Global
	GlobalSection(SolutionConfigurationPlatforms) = preSolution
		Debug|Any CPU = Debug|Any CPU
		Release|Any CPU = Release|Any CPU
	EndGlobalSection
	GlobalSection(ProjectConfigurationPlatforms) = postSolution
		{06254047-828C-4F28-9216-EB78AA9CDDD4}.Debug|Any CPU.ActiveCfg = Debug|Any CPU
		{06254047-828C-4F28-9216-EB78AA9CDDD4}.Debug|Any CPU.Build.0 = Debug|Any CPU
		{06254047-828C-4F28-9216-EB78AA9CDDD4}.Release|Any CPU.ActiveCfg = Release|Any CPU
		{06254047-828C-4F28-9216-EB78AA9CDDD4}.Release|Any CPU.Build.0 = Release|Any CPU
	EndGlobalSection
	GlobalSection(SolutionProperties) = preSolution
		HideSolutionNode = FALSE
	EndGlobalSection
	GlobalSection(ExtensibilityGlobals) = postSolution
		SolutionGuid = {E6DFF0DE-6B7A-44CE-8625-FFEE0264895E}
	EndGlobalSection
EndGlobal
